
Microsoft Visual Studio Solution File, Format Version 12.00
# Visual Studio Version 16
VisualStudioVersion = 16.0.30804.86
MinimumVisualStudioVersion = 10.0.40219.1
Project("{9A19103F-16F7-4668-BE54-9A1E7A4F7556}") = "BubbleSort", "BubbleSort\BubbleSort.csproj", "{72236D83-4477-412A-8EAC-42A7E4D729FB}"
EndProject
Project("{9A19103F-16F7-4668-BE54-9A1E7A4F7556}") = "InsertionSort", "InsertionSort\InsertionSort.csproj", "{8ADF5294-7A39-49FE-A593-A7CC3996BF90}"
EndProject
Project("{9A19103F-16F7-4668-BE54-9A1E7A4F7556}") = "SelectionSort", "SelectionSort\SelectionSort.csproj", "{816C3F10-49C4-4D37-892C-5885B174CD70}"
EndProject
Project("{9A19103F-16F7-4668-BE54-9A1E7A4F7556}") = "QuickSort", "QuickSort\QuickSort.csproj", "{80B35E2A-79A7-43E5-9F64-BE61B105B4FB}"
EndProject
Project("{9A19103F-16F7-4668-BE54-9A1E7A4F7556}") = "HeapSort", "HeapSort\HeapSort.csproj", "{554727CE-8957-4BC8-8C6B-9217DC9EC2BD}"
EndProject
Project("{FAE04EC0-301F-11D3-BF4B-00C04F79EFBC}") = "MergeSort", "MergeSort\MergeSort.csproj", "{58DAB8C0-6D21-4158-92B4-8689F4438CDE}"
EndProject
Global
	GlobalSection(SolutionConfigurationPlatforms) = preSolution
		Debug|Any CPU = Debug|Any CPU
		Release|Any CPU = Release|Any CPU
	EndGlobalSection
	GlobalSection(ProjectConfigurationPlatforms) = postSolution
		{72236D83-4477-412A-8EAC-42A7E4D729FB}.Debug|Any CPU.ActiveCfg = Debug|Any CPU
		{72236D83-4477-412A-8EAC-42A7E4D729FB}.Debug|Any CPU.Build.0 = Debug|Any CPU
		{72236D83-4477-412A-8EAC-42A7E4D729FB}.Release|Any CPU.ActiveCfg = Release|Any CPU
		{72236D83-4477-412A-8EAC-42A7E4D729FB}.Release|Any CPU.Build.0 = Release|Any CPU
		{8ADF5294-7A39-49FE-A593-A7CC3996BF90}.Debug|Any CPU.ActiveCfg = Debug|Any CPU
		{8ADF5294-7A39-49FE-A593-A7CC3996BF90}.Debug|Any CPU.Build.0 = Debug|Any CPU
		{8ADF5294-7A39-49FE-A593-A7CC3996BF90}.Release|Any CPU.ActiveCfg = Release|Any CPU
		{8ADF5294-7A39-49FE-A593-A7CC3996BF90}.Release|Any CPU.Build.0 = Release|Any CPU
		{816C3F10-49C4-4D37-892C-5885B174CD70}.Debug|Any CPU.ActiveCfg = Debug|Any CPU
		{816C3F10-49C4-4D37-892C-5885B174CD70}.Debug|Any CPU.Build.0 = Debug|Any CPU
		{816C3F10-49C4-4D37-892C-5885B174CD70}.Release|Any CPU.ActiveCfg = Release|Any CPU
		{816C3F10-49C4-4D37-892C-5885B174CD70}.Release|Any CPU.Build.0 = Release|Any CPU
		{80B35E2A-79A7-43E5-9F64-BE61B105B4FB}.Debug|Any CPU.ActiveCfg = Debug|Any CPU
		{80B35E2A-79A7-43E5-9F64-BE61B105B4FB}.Debug|Any CPU.Build.0 = Debug|Any CPU
		{80B35E2A-79A7-43E5-9F64-BE61B105B4FB}.Release|Any CPU.ActiveCfg = Release|Any CPU
		{80B35E2A-79A7-43E5-9F64-BE61B105B4FB}.Release|Any CPU.Build.0 = Release|Any CPU
		{554727CE-8957-4BC8-8C6B-9217DC9EC2BD}.Debug|Any CPU.ActiveCfg = Debug|Any CPU
		{554727CE-8957-4BC8-8C6B-9217DC9EC2BD}.Debug|Any CPU.Build.0 = Debug|Any CPU
		{554727CE-8957-4BC8-8C6B-9217DC9EC2BD}.Release|Any CPU.ActiveCfg = Release|Any CPU
		{554727CE-8957-4BC8-8C6B-9217DC9EC2BD}.Release|Any CPU.Build.0 = Release|Any CPU
		{58DAB8C0-6D21-4158-92B4-8689F4438CDE}.Debug|Any CPU.ActiveCfg = Debug|Any CPU
		{58DAB8C0-6D21-4158-92B4-8689F4438CDE}.Debug|Any CPU.Build.0 = Debug|Any CPU
		{58DAB8C0-6D21-4158-92B4-8689F4438CDE}.Release|Any CPU.ActiveCfg = Release|Any CPU
		{58DAB8C0-6D21-4158-92B4-8689F4438CDE}.Release|Any CPU.Build.0 = Release|Any CPU
	EndGlobalSection
	GlobalSection(SolutionProperties) = preSolution
		HideSolutionNode = FALSE
	EndGlobalSection
	GlobalSection(ExtensibilityGlobals) = postSolution
		SolutionGuid = {970BD7E3-2507-4A77-9555-6153DEBCB1FB}
	EndGlobalSection
EndGlobal
